
Microsoft Visual Studio Solution File, Format Version 12.00
# Visual Studio Version 17
VisualStudioVersion = 17.14.36518.9 d17.14
MinimumVisualStudioVersion = 10.0.40219.1
Project("{FAE04EC0-301F-11D3-BF4B-00C04F79EFBC}") = "Kopalnia", "Kopalnia\Kopalnia.csproj", "{BF8065E6-CD6A-4BDC-A33A-F98DD026DDAD}"
EndProject
Global
	GlobalSection(SolutionConfigurationPlatforms) = preSolution
		Debug|Any CPU = Debug|Any CPU
		Release|Any CPU = Release|Any CPU
	EndGlobalSection
	GlobalSection(ProjectConfigurationPlatforms) = postSolution
		{BF8065E6-CD6A-4BDC-A33A-F98DD026DDAD}.Debug|Any CPU.ActiveCfg = Debug|Any CPU
		{BF8065E6-CD6A-4BDC-A33A-F98DD026DDAD}.Debug|Any CPU.Build.0 = Debug|Any CPU
		{BF8065E6-CD6A-4BDC-A33A-F98DD026DDAD}.Release|Any CPU.ActiveCfg = Release|Any CPU
		{BF8065E6-CD6A-4BDC-A33A-F98DD026DDAD}.Release|Any CPU.Build.0 = Release|Any CPU
	EndGlobalSection
	GlobalSection(SolutionProperties) = preSolution
		HideSolutionNode = FALSE
	EndGlobalSection
	GlobalSection(ExtensibilityGlobals) = postSolution
		SolutionGuid = {05584771-2C9C-4DEB-8293-8844AC9C0FBD}
	EndGlobalSection
EndGlobal
